
Microsoft Visual Studio Solution File, Format Version 12.00
# Visual Studio 15
VisualStudioVersion = 15.0.26430.16
MinimumVisualStudioVersion = 10.0.40219.1
Project("{FAE04EC0-301F-11D3-BF4B-00C04F79EFBC}") = "otomasyon3", "otomasyon3\otomasyon3.csproj", "{1557C414-C7F5-46F0-9F86-90301AA35D0A}"
EndProject
Global
	GlobalSection(SolutionConfigurationPlatforms) = preSolution
		Debug|Any CPU = Debug|Any CPU
		Release|Any CPU = Release|Any CPU
	EndGlobalSection
	GlobalSection(ProjectConfigurationPlatforms) = postSolution
		{1557C414-C7F5-46F0-9F86-90301AA35D0A}.Debug|Any CPU.ActiveCfg = Debug|Any CPU
		{1557C414-C7F5-46F0-9F86-90301AA35D0A}.Debug|Any CPU.Build.0 = Debug|Any CPU
		{1557C414-C7F5-46F0-9F86-90301AA35D0A}.Release|Any CPU.ActiveCfg = Release|Any CPU
		{1557C414-C7F5-46F0-9F86-90301AA35D0A}.Release|Any CPU.Build.0 = Release|Any CPU
	EndGlobalSection
	GlobalSection(SolutionProperties) = preSolution
		HideSolutionNode = FALSE
	EndGlobalSection
EndGlobal
